
Microsoft Visual Studio Solution File, Format Version 12.00
# Visual Studio Version 17
VisualStudioVersion = 17.2.32526.322
MinimumVisualStudioVersion = 10.0.40219.1
Project("{9A19103F-16F7-4668-BE54-9A1E7A4F7556}") = "Acme.Lab.Fizzbuzz2.Api", "Acme.Lab.Fizzbuzz2.Api\Acme.Lab.Fizzbuzz2.Api.csproj", "{A7E3A57E-ADE0-4631-A6A1-A7E489DFF508}"
EndProject
Project("{FAE04EC0-301F-11D3-BF4B-00C04F79EFBC}") = "Acme.Lab.Fizzbuzz2.Api.Tests", "__Tests__\Acme.Lab.Fizzbuzz2.Api.Tests\Acme.Lab.Fizzbuzz2.Api.Tests.csproj", "{F352961B-5620-428E-974D-E9B14346E964}"
EndProject
Project("{2150E333-8FDC-42A3-9474-1A3956D46DE8}") = "Tests", "Tests", "{634EC13F-D781-452B-A300-1ED510F899A8}"
EndProject
Global
	GlobalSection(SolutionConfigurationPlatforms) = preSolution
		Debug|Any CPU = Debug|Any CPU
		Release|Any CPU = Release|Any CPU
	EndGlobalSection
	GlobalSection(ProjectConfigurationPlatforms) = postSolution
		{A7E3A57E-ADE0-4631-A6A1-A7E489DFF508}.Debug|Any CPU.ActiveCfg = Debug|Any CPU
		{A7E3A57E-ADE0-4631-A6A1-A7E489DFF508}.Debug|Any CPU.Build.0 = Debug|Any CPU
		{A7E3A57E-ADE0-4631-A6A1-A7E489DFF508}.Release|Any CPU.ActiveCfg = Release|Any CPU
		{A7E3A57E-ADE0-4631-A6A1-A7E489DFF508}.Release|Any CPU.Build.0 = Release|Any CPU
		{F352961B-5620-428E-974D-E9B14346E964}.Debug|Any CPU.ActiveCfg = Debug|Any CPU
		{F352961B-5620-428E-974D-E9B14346E964}.Debug|Any CPU.Build.0 = Debug|Any CPU
		{F352961B-5620-428E-974D-E9B14346E964}.Release|Any CPU.ActiveCfg = Release|Any CPU
		{F352961B-5620-428E-974D-E9B14346E964}.Release|Any CPU.Build.0 = Release|Any CPU
	EndGlobalSection
	GlobalSection(SolutionProperties) = preSolution
		HideSolutionNode = FALSE
	EndGlobalSection
	GlobalSection(NestedProjects) = preSolution
		{F352961B-5620-428E-974D-E9B14346E964} = {634EC13F-D781-452B-A300-1ED510F899A8}
	EndGlobalSection
	GlobalSection(ExtensibilityGlobals) = postSolution
		SolutionGuid = {485C0355-E322-462B-B3DF-547B17DB610B}
	EndGlobalSection
EndGlobal
